// !$*UTF8*$!
{
	archiveVersion = 1;
	classes = {
	};
	objectVersion = 48;
	objects = {

/* Begin PBXBuildFile section */
		2C1C4AC7EEE92B86A22F3848 /* Pods_Track_Peers.framework in Frameworks */ = {isa = PBXBuildFile; fileRef = 00E11174A16D7F18534BF6A2 /* Pods_Track_Peers.framework */; };
		530CF1411F8F8A4000A5C7AD /* AppDelegate.swift in Sources */ = {isa = PBXBuildFile; fileRef = 530CF1401F8F8A4000A5C7AD /* AppDelegate.swift */; };
		530CF1431F8F8A4000A5C7AD /* MapViewController.swift in Sources */ = {isa = PBXBuildFile; fileRef = 530CF1421F8F8A4000A5C7AD /* MapViewController.swift */; };
		530CF1461F8F8A4000A5C7AD /* Main.storyboard in Resources */ = {isa = PBXBuildFile; fileRef = 530CF1441F8F8A4000A5C7AD /* Main.storyboard */; };
		530CF1491F8F8A4000A5C7AD /* Track_Peers.xcdatamodeld in Sources */ = {isa = PBXBuildFile; fileRef = 530CF1471F8F8A4000A5C7AD /* Track_Peers.xcdatamodeld */; };
		530CF14B1F8F8A4000A5C7AD /* Assets.xcassets in Resources */ = {isa = PBXBuildFile; fileRef = 530CF14A1F8F8A4000A5C7AD /* Assets.xcassets */; };
		530CF14E1F8F8A4000A5C7AD /* LaunchScreen.storyboard in Resources */ = {isa = PBXBuildFile; fileRef = 530CF14C1F8F8A4000A5C7AD /* LaunchScreen.storyboard */; };
		538C30C01F909D05008D4290 /* Constants.swift in Sources */ = {isa = PBXBuildFile; fileRef = 538C30BF1F909D05008D4290 /* Constants.swift */; };
		5392B9BD1FA1F686004950E5 /* APIInteractor.swift in Sources */ = {isa = PBXBuildFile; fileRef = 5381B9971FA1F37C00316065 /* APIInteractor.swift */; };
		5392B9BE1FA1F686004950E5 /* APIInteractorProvider.swift in Sources */ = {isa = PBXBuildFile; fileRef = 5381B9981FA1F37C00316065 /* APIInteractorProvider.swift */; };
		5392B9BF1FA1F686004950E5 /* NetworkHttpClient.swift in Sources */ = {isa = PBXBuildFile; fileRef = 5381B9991FA1F37C00316065 /* NetworkHttpClient.swift */; };
		5392B9C01FA1F686004950E5 /* RealAPI.swift in Sources */ = {isa = PBXBuildFile; fileRef = 5381B99A1FA1F37C00316065 /* RealAPI.swift */; };
		5392B9C11FA1F686004950E5 /* TestAPI.swift in Sources */ = {isa = PBXBuildFile; fileRef = 5381B99B1FA1F37C00316065 /* TestAPI.swift */; };
		5392B9C21FA1F686004950E5 /* RequestManager.swift in Sources */ = {isa = PBXBuildFile; fileRef = 5381B99D1FA1F37C00316065 /* RequestManager.swift */; };
		5392B9C31FA1F686004950E5 /* Request.swift in Sources */ = {isa = PBXBuildFile; fileRef = 5381B99F1FA1F37C00316065 /* Request.swift */; };
		5392B9C41FA1F686004950E5 /* TrackRequest.swift in Sources */ = {isa = PBXBuildFile; fileRef = 5381B9A01FA1F37C00316065 /* TrackRequest.swift */; };
		5392B9C51FA1F686004950E5 /* Interface.swift in Sources */ = {isa = PBXBuildFile; fileRef = 5381B9A21FA1F37C00316065 /* Interface.swift */; };
		5392B9C61FA1F686004950E5 /* TrackInterface.swift in Sources */ = {isa = PBXBuildFile; fileRef = 5381B9A31FA1F37C00316065 /* TrackInterface.swift */; };
		5392B9D21FA1FC06004950E5 /* AppSettingsManager.swift in Sources */ = {isa = PBXBuildFile; fileRef = 5392B9CA1FA1FB89004950E5 /* AppSettingsManager.swift */; };
		5392B9D31FA1FC06004950E5 /* BannerManager.swift in Sources */ = {isa = PBXBuildFile; fileRef = 5392B9CB1FA1FB89004950E5 /* BannerManager.swift */; };
		5392B9D41FA1FC06004950E5 /* RemoteNotificationManager.swift in Sources */ = {isa = PBXBuildFile; fileRef = 5392B9CC1FA1FB89004950E5 /* RemoteNotificationManager.swift */; };
		5392B9D51FA1FC06004950E5 /* AppSettings.plist in Sources */ = {isa = PBXBuildFile; fileRef = 5392B9CE1FA1FB95004950E5 /* AppSettings.plist */; };
		5392B9D61FA1FC06004950E5 /* Localizable.strings in Sources */ = {isa = PBXBuildFile; fileRef = 5392B9CF1FA1FB95004950E5 /* Localizable.strings */; };
		5392B9D71FA1FC06004950E5 /* AppSettings.swift in Sources */ = {isa = PBXBuildFile; fileRef = 5392B9D11FA1FB9C004950E5 /* AppSettings.swift */; };
		539C4E311F9F10B600B282F0 /* Global.swift in Sources */ = {isa = PBXBuildFile; fileRef = 539C4E301F9F10B600B282F0 /* Global.swift */; };
		53B2E5DB1F9DC94F002B093D /* User.swift in Sources */ = {isa = PBXBuildFile; fileRef = 53B2E5DA1F9DC94F002B093D /* User.swift */; };
		53D92F5E1F95FE6500298C48 /* UserMarker.swift in Sources */ = {isa = PBXBuildFile; fileRef = 53D92F5D1F95FE6500298C48 /* UserMarker.swift */; };
/* End PBXBuildFile section */

/* Begin PBXFileReference section */
		00E11174A16D7F18534BF6A2 /* Pods_Track_Peers.framework */ = {isa = PBXFileReference; explicitFileType = wrapper.framework; includeInIndex = 0; path = Pods_Track_Peers.framework; sourceTree = BUILT_PRODUCTS_DIR; };
		0E63FDAABB68F06920750B33 /* Pods-Track Peers.release.xcconfig */ = {isa = PBXFileReference; includeInIndex = 1; lastKnownFileType = text.xcconfig; name = "Pods-Track Peers.release.xcconfig"; path = "Pods/Target Support Files/Pods-Track Peers/Pods-Track Peers.release.xcconfig"; sourceTree = "<group>"; };
		530CF13D1F8F8A4000A5C7AD /* Track Peers.app */ = {isa = PBXFileReference; explicitFileType = wrapper.application; includeInIndex = 0; path = "Track Peers.app"; sourceTree = BUILT_PRODUCTS_DIR; };
		530CF1401F8F8A4000A5C7AD /* AppDelegate.swift */ = {isa = PBXFileReference; lastKnownFileType = sourcecode.swift; path = AppDelegate.swift; sourceTree = "<group>"; };
		530CF1421F8F8A4000A5C7AD /* MapViewController.swift */ = {isa = PBXFileReference; lastKnownFileType = sourcecode.swift; path = MapViewController.swift; sourceTree = "<group>"; };
		530CF1451F8F8A4000A5C7AD /* Base */ = {isa = PBXFileReference; lastKnownFileType = file.storyboard; name = Base; path = Base.lproj/Main.storyboard; sourceTree = "<group>"; };
		530CF1481F8F8A4000A5C7AD /* Track_Peers.xcdatamodel */ = {isa = PBXFileReference; lastKnownFileType = wrapper.xcdatamodel; path = Track_Peers.xcdatamodel; sourceTree = "<group>"; };
		530CF14A1F8F8A4000A5C7AD /* Assets.xcassets */ = {isa = PBXFileReference; lastKnownFileType = folder.assetcatalog; path = Assets.xcassets; sourceTree = "<group>"; };
		530CF14D1F8F8A4000A5C7AD /* Base */ = {isa = PBXFileReference; lastKnownFileType = file.storyboard; name = Base; path = Base.lproj/LaunchScreen.storyboard; sourceTree = "<group>"; };
		530CF14F1F8F8A4000A5C7AD /* Info.plist */ = {isa = PBXFileReference; lastKnownFileType = text.plist.xml; path = Info.plist; sourceTree = "<group>"; };
		537505911F9DD3380011D8CC /* Vijay nagar bus stop.gpx */ = {isa = PBXFileReference; lastKnownFileType = text.xml; path = "Vijay nagar bus stop.gpx"; sourceTree = SOURCE_ROOT; };
		5381B9971FA1F37C00316065 /* APIInteractor.swift */ = {isa = PBXFileReference; lastKnownFileType = sourcecode.swift; path = APIInteractor.swift; sourceTree = "<group>"; };
		5381B9981FA1F37C00316065 /* APIInteractorProvider.swift */ = {isa = PBXFileReference; lastKnownFileType = sourcecode.swift; path = APIInteractorProvider.swift; sourceTree = "<group>"; };
		5381B9991FA1F37C00316065 /* NetworkHttpClient.swift */ = {isa = PBXFileReference; lastKnownFileType = sourcecode.swift; path = NetworkHttpClient.swift; sourceTree = "<group>"; };
		5381B99A1FA1F37C00316065 /* RealAPI.swift */ = {isa = PBXFileReference; lastKnownFileType = sourcecode.swift; path = RealAPI.swift; sourceTree = "<group>"; };
		5381B99B1FA1F37C00316065 /* TestAPI.swift */ = {isa = PBXFileReference; lastKnownFileType = sourcecode.swift; path = TestAPI.swift; sourceTree = "<group>"; };
		5381B99D1FA1F37C00316065 /* RequestManager.swift */ = {isa = PBXFileReference; lastKnownFileType = sourcecode.swift; path = RequestManager.swift; sourceTree = "<group>"; };
		5381B99F1FA1F37C00316065 /* Request.swift */ = {isa = PBXFileReference; lastKnownFileType = sourcecode.swift; path = Request.swift; sourceTree = "<group>"; };
		5381B9A01FA1F37C00316065 /* TrackRequest.swift */ = {isa = PBXFileReference; lastKnownFileType = sourcecode.swift; path = TrackRequest.swift; sourceTree = "<group>"; };
		5381B9A21FA1F37C00316065 /* Interface.swift */ = {isa = PBXFileReference; lastKnownFileType = sourcecode.swift; path = Interface.swift; sourceTree = "<group>"; };
		5381B9A31FA1F37C00316065 /* TrackInterface.swift */ = {isa = PBXFileReference; lastKnownFileType = sourcecode.swift; path = TrackInterface.swift; sourceTree = "<group>"; };
		538C30BF1F909D05008D4290 /* Constants.swift */ = {isa = PBXFileReference; lastKnownFileType = sourcecode.swift; path = Constants.swift; sourceTree = "<group>"; };
		5392B9C81FA1F78D004950E5 /* Alamofire.framework */ = {isa = PBXFileReference; explicitFileType = wrapper.framework; path = Alamofire.framework; sourceTree = BUILT_PRODUCTS_DIR; };
		5392B9CA1FA1FB89004950E5 /* AppSettingsManager.swift */ = {isa = PBXFileReference; lastKnownFileType = sourcecode.swift; path = AppSettingsManager.swift; sourceTree = "<group>"; };
		5392B9CB1FA1FB89004950E5 /* BannerManager.swift */ = {isa = PBXFileReference; lastKnownFileType = sourcecode.swift; path = BannerManager.swift; sourceTree = "<group>"; };
		5392B9CC1FA1FB89004950E5 /* RemoteNotificationManager.swift */ = {isa = PBXFileReference; lastKnownFileType = sourcecode.swift; path = RemoteNotificationManager.swift; sourceTree = "<group>"; };
		5392B9CE1FA1FB95004950E5 /* AppSettings.plist */ = {isa = PBXFileReference; lastKnownFileType = text.plist.xml; path = AppSettings.plist; sourceTree = "<group>"; };
		5392B9CF1FA1FB95004950E5 /* Localizable.strings */ = {isa = PBXFileReference; lastKnownFileType = text.plist.strings; path = Localizable.strings; sourceTree = "<group>"; };
		5392B9D11FA1FB9C004950E5 /* AppSettings.swift */ = {isa = PBXFileReference; lastKnownFileType = sourcecode.swift; path = AppSettings.swift; sourceTree = "<group>"; };
		539C4E301F9F10B600B282F0 /* Global.swift */ = {isa = PBXFileReference; lastKnownFileType = sourcecode.swift; path = Global.swift; sourceTree = "<group>"; };
		539C4E321F9F21E700B282F0 /* OrbitMall.gpx */ = {isa = PBXFileReference; lastKnownFileType = text.xml; path = OrbitMall.gpx; sourceTree = "<group>"; };
		53B2E5DA1F9DC94F002B093D /* User.swift */ = {isa = PBXFileReference; lastKnownFileType = sourcecode.swift; path = User.swift; sourceTree = "<group>"; };
		53D92F5D1F95FE6500298C48 /* UserMarker.swift */ = {isa = PBXFileReference; lastKnownFileType = sourcecode.swift; path = UserMarker.swift; sourceTree = "<group>"; };
		53D92F5F1F96119A00298C48 /* MapKit.framework */ = {isa = PBXFileReference; lastKnownFileType = wrapper.framework; name = MapKit.framework; path = System/Library/Frameworks/MapKit.framework; sourceTree = SDKROOT; };
		B8D4086BE3530B0CC5155333 /* Pods-Track Peers.debug.xcconfig */ = {isa = PBXFileReference; includeInIndex = 1; lastKnownFileType = text.xcconfig; name = "Pods-Track Peers.debug.xcconfig"; path = "Pods/Target Support Files/Pods-Track Peers/Pods-Track Peers.debug.xcconfig"; sourceTree = "<group>"; };
/* End PBXFileReference section */

/* Begin PBXFrameworksBuildPhase section */
		530CF13A1F8F8A4000A5C7AD /* Frameworks */ = {
			isa = PBXFrameworksBuildPhase;
			buildActionMask = 2147483647;
			files = (
				2C1C4AC7EEE92B86A22F3848 /* Pods_Track_Peers.framework in Frameworks */,
			);
			runOnlyForDeploymentPostprocessing = 0;
		};
/* End PBXFrameworksBuildPhase section */

/* Begin PBXGroup section */
		530CF1341F8F8A4000A5C7AD = {
			isa = PBXGroup;
			children = (
				530CF13F1F8F8A4000A5C7AD /* Track Peers */,
				530CF13E1F8F8A4000A5C7AD /* Products */,
				E6E561503EE40559D6B34387 /* Pods */,
				E59E34406AB8803923E5E381 /* Frameworks */,
			);
			sourceTree = "<group>";
		};
		530CF13E1F8F8A4000A5C7AD /* Products */ = {
			isa = PBXGroup;
			children = (
				530CF13D1F8F8A4000A5C7AD /* Track Peers.app */,
			);
			name = Products;
			sourceTree = "<group>";
		};
		530CF13F1F8F8A4000A5C7AD /* Track Peers */ = {
			isa = PBXGroup;
			children = (
				530CF1401F8F8A4000A5C7AD /* AppDelegate.swift */,
				538C30BF1F909D05008D4290 /* Constants.swift */,
				530CF1421F8F8A4000A5C7AD /* MapViewController.swift */,
				53D92F5D1F95FE6500298C48 /* UserMarker.swift */,
				539C4E301F9F10B600B282F0 /* Global.swift */,
				5381B9951FA1F37C00316065 /* NetworkManager */,
				5392B9C91FA1FB89004950E5 /* Manager */,
				5392B9CD1FA1FB95004950E5 /* Resources */,
				5392B9D01FA1FB9C004950E5 /* ViewModels */,
				53B2E5D91F9DC927002B093D /* Models */,
				530CF1441F8F8A4000A5C7AD /* Main.storyboard */,
				530CF14A1F8F8A4000A5C7AD /* Assets.xcassets */,
				530CF14C1F8F8A4000A5C7AD /* LaunchScreen.storyboard */,
				537505911F9DD3380011D8CC /* Vijay nagar bus stop.gpx */,
				539C4E321F9F21E700B282F0 /* OrbitMall.gpx */,
				530CF14F1F8F8A4000A5C7AD /* Info.plist */,
				530CF1471F8F8A4000A5C7AD /* Track_Peers.xcdatamodeld */,
			);
			path = "Track Peers";
			sourceTree = "<group>";
		};
		5381B9951FA1F37C00316065 /* NetworkManager */ = {
			isa = PBXGroup;
			children = (
				5381B9961FA1F37C00316065 /* APIHelpers */,
				5381B99C1FA1F37C00316065 /* APIManagers */,
				5381B99E1FA1F37C00316065 /* Requests */,
				5381B9A11FA1F37C00316065 /* Services */,
			);
			path = NetworkManager;
			sourceTree = "<group>";
		};
		5381B9961FA1F37C00316065 /* APIHelpers */ = {
			isa = PBXGroup;
			children = (
				5381B9971FA1F37C00316065 /* APIInteractor.swift */,
				5381B9981FA1F37C00316065 /* APIInteractorProvider.swift */,
				5381B9991FA1F37C00316065 /* NetworkHttpClient.swift */,
				5381B99A1FA1F37C00316065 /* RealAPI.swift */,
				5381B99B1FA1F37C00316065 /* TestAPI.swift */,
			);
			path = APIHelpers;
			sourceTree = "<group>";
		};
		5381B99C1FA1F37C00316065 /* APIManagers */ = {
			isa = PBXGroup;
			children = (
				5381B99D1FA1F37C00316065 /* RequestManager.swift */,
			);
			path = APIManagers;
			sourceTree = "<group>";
		};
		5381B99E1FA1F37C00316065 /* Requests */ = {
			isa = PBXGroup;
			children = (
				5381B99F1FA1F37C00316065 /* Request.swift */,
				5381B9A01FA1F37C00316065 /* TrackRequest.swift */,
			);
			path = Requests;
			sourceTree = "<group>";
		};
		5381B9A11FA1F37C00316065 /* Services */ = {
			isa = PBXGroup;
			children = (
				5381B9A21FA1F37C00316065 /* Interface.swift */,
				5381B9A31FA1F37C00316065 /* TrackInterface.swift */,
			);
			path = Services;
			sourceTree = "<group>";
		};
		5392B9C91FA1FB89004950E5 /* Manager */ = {
			isa = PBXGroup;
			children = (
				5392B9CA1FA1FB89004950E5 /* AppSettingsManager.swift */,
				5392B9CB1FA1FB89004950E5 /* BannerManager.swift */,
				5392B9CC1FA1FB89004950E5 /* RemoteNotificationManager.swift */,
			);
			path = Manager;
			sourceTree = "<group>";
		};
		5392B9CD1FA1FB95004950E5 /* Resources */ = {
			isa = PBXGroup;
			children = (
				5392B9CE1FA1FB95004950E5 /* AppSettings.plist */,
				5392B9CF1FA1FB95004950E5 /* Localizable.strings */,
			);
			path = Resources;
			sourceTree = "<group>";
		};
		5392B9D01FA1FB9C004950E5 /* ViewModels */ = {
			isa = PBXGroup;
			children = (
				5392B9D11FA1FB9C004950E5 /* AppSettings.swift */,
			);
			path = ViewModels;
			sourceTree = "<group>";
		};
		53B2E5D91F9DC927002B093D /* Models */ = {
			isa = PBXGroup;
			children = (
				53B2E5DA1F9DC94F002B093D /* User.swift */,
			);
			path = Models;
			sourceTree = "<group>";
		};
		E59E34406AB8803923E5E381 /* Frameworks */ = {
			isa = PBXGroup;
			children = (
				5392B9C81FA1F78D004950E5 /* Alamofire.framework */,
				53D92F5F1F96119A00298C48 /* MapKit.framework */,
				00E11174A16D7F18534BF6A2 /* Pods_Track_Peers.framework */,
			);
			name = Frameworks;
			sourceTree = "<group>";
		};
		E6E561503EE40559D6B34387 /* Pods */ = {
			isa = PBXGroup;
			children = (
				B8D4086BE3530B0CC5155333 /* Pods-Track Peers.debug.xcconfig */,
				0E63FDAABB68F06920750B33 /* Pods-Track Peers.release.xcconfig */,
			);
			name = Pods;
			sourceTree = "<group>";
		};
/* End PBXGroup section */

/* Begin PBXNativeTarget section */
		530CF13C1F8F8A4000A5C7AD /* Track Peers */ = {
			isa = PBXNativeTarget;
			buildConfigurationList = 530CF1521F8F8A4000A5C7AD /* Build configuration list for PBXNativeTarget "Track Peers" */;
			buildPhases = (
				A384EB515DE67CCB1D9D5EDA /* [CP] Check Pods Manifest.lock */,
				530CF1391F8F8A4000A5C7AD /* Sources */,
				530CF13A1F8F8A4000A5C7AD /* Frameworks */,
				530CF13B1F8F8A4000A5C7AD /* Resources */,
				2B17D0780B16675D6DEBCCB4 /* [CP] Embed Pods Frameworks */,
				D5D8448561D373C676663428 /* [CP] Copy Pods Resources */,
			);
			buildRules = (
			);
			dependencies = (
			);
			name = "Track Peers";
			productName = "Track Peers";
			productReference = 530CF13D1F8F8A4000A5C7AD /* Track Peers.app */;
			productType = "com.apple.product-type.application";
		};
/* End PBXNativeTarget section */

/* Begin PBXProject section */
		530CF1351F8F8A4000A5C7AD /* Project object */ = {
			isa = PBXProject;
			attributes = {
				LastSwiftUpdateCheck = 0900;
				LastUpgradeCheck = 0900;
				ORGANIZATIONNAME = Navneet;
				TargetAttributes = {
					530CF13C1F8F8A4000A5C7AD = {
						CreatedOnToolsVersion = 9.0;
						ProvisioningStyle = Automatic;
						SystemCapabilities = {
							com.apple.BackgroundModes = {
								enabled = 1;
							};
						};
					};
				};
			};
			buildConfigurationList = 530CF1381F8F8A4000A5C7AD /* Build configuration list for PBXProject "Track Peers" */;
			compatibilityVersion = "Xcode 8.0";
			developmentRegion = en;
			hasScannedForEncodings = 0;
			knownRegions = (
				en,
				Base,
			);
			mainGroup = 530CF1341F8F8A4000A5C7AD;
			productRefGroup = 530CF13E1F8F8A4000A5C7AD /* Products */;
			projectDirPath = "";
			projectRoot = "";
			targets = (
				530CF13C1F8F8A4000A5C7AD /* Track Peers */,
			);
		};
/* End PBXProject section */

/* Begin PBXResourcesBuildPhase section */
		530CF13B1F8F8A4000A5C7AD /* Resources */ = {
			isa = PBXResourcesBuildPhase;
			buildActionMask = 2147483647;
			files = (
				530CF14E1F8F8A4000A5C7AD /* LaunchScreen.storyboard in Resources */,
				530CF14B1F8F8A4000A5C7AD /* Assets.xcassets in Resources */,
				530CF1461F8F8A4000A5C7AD /* Main.storyboard in Resources */,
			);
			runOnlyForDeploymentPostprocessing = 0;
		};
/* End PBXResourcesBuildPhase section */

/* Begin PBXShellScriptBuildPhase section */
		2B17D0780B16675D6DEBCCB4 /* [CP] Embed Pods Frameworks */ = {
			isa = PBXShellScriptBuildPhase;
			buildActionMask = 2147483647;
			files = (
			);
			inputPaths = (
				"${SRCROOT}/Pods/Target Support Files/Pods-Track Peers/Pods-Track Peers-frameworks.sh",
				"${BUILT_PRODUCTS_DIR}/Alamofire/Alamofire.framework",
				"${BUILT_PRODUCTS_DIR}/KSCrash/KSCrash.framework",
				"${BUILT_PRODUCTS_DIR}/MarqueeLabel/MarqueeLabel.framework",
				"${BUILT_PRODUCTS_DIR}/NotificationBannerSwift/NotificationBannerSwift.framework",
				"${BUILT_PRODUCTS_DIR}/ReachabilitySwift/ReachabilitySwift.framework",
				"${BUILT_PRODUCTS_DIR}/Realm/Realm.framework",
				"${BUILT_PRODUCTS_DIR}/SMobiLog/SMobiLog.framework",
				"${BUILT_PRODUCTS_DIR}/SnapKit/SnapKit.framework",
				"${BUILT_PRODUCTS_DIR}/SwiftyJSON/SwiftyJSON.framework",
			);
			name = "[CP] Embed Pods Frameworks";
			outputPaths = (
				"${TARGET_BUILD_DIR}/${FRAMEWORKS_FOLDER_PATH}/Alamofire.framework",
				"${TARGET_BUILD_DIR}/${FRAMEWORKS_FOLDER_PATH}/KSCrash.framework",
				"${TARGET_BUILD_DIR}/${FRAMEWORKS_FOLDER_PATH}/MarqueeLabel.framework",
				"${TARGET_BUILD_DIR}/${FRAMEWORKS_FOLDER_PATH}/NotificationBannerSwift.framework",
				"${TARGET_BUILD_DIR}/${FRAMEWORKS_FOLDER_PATH}/ReachabilitySwift.framework",
				"${TARGET_BUILD_DIR}/${FRAMEWORKS_FOLDER_PATH}/Realm.framework",
				"${TARGET_BUILD_DIR}/${FRAMEWORKS_FOLDER_PATH}/SMobiLog.framework",
				"${TARGET_BUILD_DIR}/${FRAMEWORKS_FOLDER_PATH}/SnapKit.framework",
				"${TARGET_BUILD_DIR}/${FRAMEWORKS_FOLDER_PATH}/SwiftyJSON.framework",
			);
			runOnlyForDeploymentPostprocessing = 0;
			shellPath = /bin/sh;
			shellScript = "\"${SRCROOT}/Pods/Target Support Files/Pods-Track Peers/Pods-Track Peers-frameworks.sh\"\n";
			showEnvVarsInLog = 0;
		};
		A384EB515DE67CCB1D9D5EDA /* [CP] Check Pods Manifest.lock */ = {
			isa = PBXShellScriptBuildPhase;
			buildActionMask = 2147483647;
			files = (
			);
			inputPaths = (
				"${PODS_PODFILE_DIR_PATH}/Podfile.lock",
				"${PODS_ROOT}/Manifest.lock",
			);
			name = "[CP] Check Pods Manifest.lock";
			outputPaths = (
				"$(DERIVED_FILE_DIR)/Pods-Track Peers-checkManifestLockResult.txt",
			);
			runOnlyForDeploymentPostprocessing = 0;
			shellPath = /bin/sh;
			shellScript = "diff \"${PODS_PODFILE_DIR_PATH}/Podfile.lock\" \"${PODS_ROOT}/Manifest.lock\" > /dev/null\nif [ $? != 0 ] ; then\n    # print error to STDERR\n    echo \"error: The sandbox is not in sync with the Podfile.lock. Run 'pod install' or update your CocoaPods installation.\" >&2\n    exit 1\nfi\n# This output is used by Xcode 'outputs' to avoid re-running this script phase.\necho \"SUCCESS\" > \"${SCRIPT_OUTPUT_FILE_0}\"\n";
			showEnvVarsInLog = 0;
		};
		D5D8448561D373C676663428 /* [CP] Copy Pods Resources */ = {
			isa = PBXShellScriptBuildPhase;
			buildActionMask = 2147483647;
			files = (
			);
			inputPaths = (
				"${SRCROOT}/Pods/Target Support Files/Pods-Track Peers/Pods-Track Peers-resources.sh",
				"${PODS_ROOT}/GoogleMaps/Maps/Frameworks/GoogleMaps.framework/Resources/GoogleMaps.bundle",
				"${PODS_ROOT}/GooglePlaces/Frameworks/GooglePlaces.framework/Resources/GooglePlaces.bundle",
			);
			name = "[CP] Copy Pods Resources";
			outputPaths = (
				"${TARGET_BUILD_DIR}/${UNLOCALIZED_RESOURCES_FOLDER_PATH}",
			);
			runOnlyForDeploymentPostprocessing = 0;
			shellPath = /bin/sh;
			shellScript = "\"${SRCROOT}/Pods/Target Support Files/Pods-Track Peers/Pods-Track Peers-resources.sh\"\n";
			showEnvVarsInLog = 0;
		};
/* End PBXShellScriptBuildPhase section */

/* Begin PBXSourcesBuildPhase section */
		530CF1391F8F8A4000A5C7AD /* Sources */ = {
			isa = PBXSourcesBuildPhase;
			buildActionMask = 2147483647;
			files = (
				5392B9D21FA1FC06004950E5 /* AppSettingsManager.swift in Sources */,
				5392B9D31FA1FC06004950E5 /* BannerManager.swift in Sources */,
				5392B9D41FA1FC06004950E5 /* RemoteNotificationManager.swift in Sources */,
				5392B9D51FA1FC06004950E5 /* AppSettings.plist in Sources */,
				5392B9D61FA1FC06004950E5 /* Localizable.strings in Sources */,
				5392B9D71FA1FC06004950E5 /* AppSettings.swift in Sources */,
				5392B9BD1FA1F686004950E5 /* APIInteractor.swift in Sources */,
				5392B9BE1FA1F686004950E5 /* APIInteractorProvider.swift in Sources */,
				5392B9BF1FA1F686004950E5 /* NetworkHttpClient.swift in Sources */,
				5392B9C01FA1F686004950E5 /* RealAPI.swift in Sources */,
				5392B9C11FA1F686004950E5 /* TestAPI.swift in Sources */,
				5392B9C21FA1F686004950E5 /* RequestManager.swift in Sources */,
				5392B9C31FA1F686004950E5 /* Request.swift in Sources */,
				5392B9C41FA1F686004950E5 /* TrackRequest.swift in Sources */,
				5392B9C51FA1F686004950E5 /* Interface.swift in Sources */,
				5392B9C61FA1F686004950E5 /* TrackInterface.swift in Sources */,
				530CF1431F8F8A4000A5C7AD /* MapViewController.swift in Sources */,
				53D92F5E1F95FE6500298C48 /* UserMarker.swift in Sources */,
				530CF1491F8F8A4000A5C7AD /* Track_Peers.xcdatamodeld in Sources */,
				53B2E5DB1F9DC94F002B093D /* User.swift in Sources */,
				530CF1411F8F8A4000A5C7AD /* AppDelegate.swift in Sources */,
				538C30C01F909D05008D4290 /* Constants.swift in Sources */,
				539C4E311F9F10B600B282F0 /* Global.swift in Sources */,
			);
			runOnlyForDeploymentPostprocessing = 0;
		};
/* End PBXSourcesBuildPhase section */

/* Begin PBXVariantGroup section */
		530CF1441F8F8A4000A5C7AD /* Main.storyboard */ = {
			isa = PBXVariantGroup;
			children = (
				530CF1451F8F8A4000A5C7AD /* Base */,
			);
			name = Main.storyboard;
			sourceTree = "<group>";
		};
		530CF14C1F8F8A4000A5C7AD /* LaunchScreen.storyboard */ = {
			isa = PBXVariantGroup;
			children = (
				530CF14D1F8F8A4000A5C7AD /* Base */,
			);
			name = LaunchScreen.storyboard;
			sourceTree = "<group>";
		};
/* End PBXVariantGroup section */

/* Begin XCBuildConfiguration section */
		530CF1501F8F8A4000A5C7AD /* Debug */ = {
			isa = XCBuildConfiguration;
			buildSettings = {
				ALWAYS_SEARCH_USER_PATHS = NO;
				CLANG_ANALYZER_NONNULL = YES;
				CLANG_ANALYZER_NUMBER_OBJECT_CONVERSION = YES_AGGRESSIVE;
				CLANG_CXX_LANGUAGE_STANDARD = "gnu++14";
				CLANG_CXX_LIBRARY = "libc++";
				CLANG_ENABLE_MODULES = YES;
				CLANG_ENABLE_OBJC_ARC = YES;
				CLANG_WARN_BLOCK_CAPTURE_AUTORELEASING = YES;
				CLANG_WARN_BOOL_CONVERSION = YES;
				CLANG_WARN_COMMA = YES;
				CLANG_WARN_CONSTANT_CONVERSION = YES;
				CLANG_WARN_DIRECT_OBJC_ISA_USAGE = YES_ERROR;
				CLANG_WARN_DOCUMENTATION_COMMENTS = YES;
				CLANG_WARN_EMPTY_BODY = YES;
				CLANG_WARN_ENUM_CONVERSION = YES;
				CLANG_WARN_INFINITE_RECURSION = YES;
				CLANG_WARN_INT_CONVERSION = YES;
				CLANG_WARN_NON_LITERAL_NULL_CONVERSION = YES;
				CLANG_WARN_OBJC_LITERAL_CONVERSION = YES;
				CLANG_WARN_OBJC_ROOT_CLASS = YES_ERROR;
				CLANG_WARN_RANGE_LOOP_ANALYSIS = YES;
				CLANG_WARN_STRICT_PROTOTYPES = YES;
				CLANG_WARN_SUSPICIOUS_MOVE = YES;
				CLANG_WARN_UNGUARDED_AVAILABILITY = YES_AGGRESSIVE;
				CLANG_WARN_UNREACHABLE_CODE = YES;
				CLANG_WARN__DUPLICATE_METHOD_MATCH = YES;
				CODE_SIGN_IDENTITY = "iPhone Developer";
				COPY_PHASE_STRIP = NO;
				DEBUG_INFORMATION_FORMAT = dwarf;
				ENABLE_STRICT_OBJC_MSGSEND = YES;
				ENABLE_TESTABILITY = YES;
				GCC_C_LANGUAGE_STANDARD = gnu11;
				GCC_DYNAMIC_NO_PIC = NO;
				GCC_NO_COMMON_BLOCKS = YES;
				GCC_OPTIMIZATION_LEVEL = 0;
				GCC_PREPROCESSOR_DEFINITIONS = (
					"DEBUG=1",
					"$(inherited)",
				);
				GCC_WARN_64_TO_32_BIT_CONVERSION = YES;
				GCC_WARN_ABOUT_RETURN_TYPE = YES_ERROR;
				GCC_WARN_UNDECLARED_SELECTOR = YES;
				GCC_WARN_UNINITIALIZED_AUTOS = YES_AGGRESSIVE;
				GCC_WARN_UNUSED_FUNCTION = YES;
				GCC_WARN_UNUSED_VARIABLE = YES;
				IPHONEOS_DEPLOYMENT_TARGET = 11.0;
				MTL_ENABLE_DEBUG_INFO = YES;
				ONLY_ACTIVE_ARCH = YES;
				SDKROOT = iphoneos;
				SWIFT_ACTIVE_COMPILATION_CONDITIONS = DEBUG;
				SWIFT_OPTIMIZATION_LEVEL = "-Onone";
			};
			name = Debug;
		};
		530CF1511F8F8A4000A5C7AD /* Release */ = {
			isa = XCBuildConfiguration;
			buildSettings = {
				ALWAYS_SEARCH_USER_PATHS = NO;
				CLANG_ANALYZER_NONNULL = YES;
				CLANG_ANALYZER_NUMBER_OBJECT_CONVERSION = YES_AGGRESSIVE;
				CLANG_CXX_LANGUAGE_STANDARD = "gnu++14";
				CLANG_CXX_LIBRARY = "libc++";
				CLANG_ENABLE_MODULES = YES;
				CLANG_ENABLE_OBJC_ARC = YES;
				CLANG_WARN_BLOCK_CAPTURE_AUTORELEASING = YES;
				CLANG_WARN_BOOL_CONVERSION = YES;
				CLANG_WARN_COMMA = YES;
				CLANG_WARN_CONSTANT_CONVERSION = YES;
				CLANG_WARN_DIRECT_OBJC_ISA_USAGE = YES_ERROR;
				CLANG_WARN_DOCUMENTATION_COMMENTS = YES;
				CLANG_WARN_EMPTY_BODY = YES;
				CLANG_WARN_ENUM_CONVERSION = YES;
				CLANG_WARN_INFINITE_RECURSION = YES;
				CLANG_WARN_INT_CONVERSION = YES;
				CLANG_WARN_NON_LITERAL_NULL_CONVERSION = YES;
				CLANG_WARN_OBJC_LITERAL_CONVERSION = YES;
				CLANG_WARN_OBJC_ROOT_CLASS = YES_ERROR;
				CLANG_WARN_RANGE_LOOP_ANALYSIS = YES;
				CLANG_WARN_STRICT_PROTOTYPES = YES;
				CLANG_WARN_SUSPICIOUS_MOVE = YES;
				CLANG_WARN_UNGUARDED_AVAILABILITY = YES_AGGRESSIVE;
				CLANG_WARN_UNREACHABLE_CODE = YES;
				CLANG_WARN__DUPLICATE_METHOD_MATCH = YES;
				CODE_SIGN_IDENTITY = "iPhone Developer";
				COPY_PHASE_STRIP = NO;
				DEBUG_INFORMATION_FORMAT = "dwarf-with-dsym";
				ENABLE_NS_ASSERTIONS = NO;
				ENABLE_STRICT_OBJC_MSGSEND = YES;
				GCC_C_LANGUAGE_STANDARD = gnu11;
				GCC_NO_COMMON_BLOCKS = YES;
				GCC_WARN_64_TO_32_BIT_CONVERSION = YES;
				GCC_WARN_ABOUT_RETURN_TYPE = YES_ERROR;
				GCC_WARN_UNDECLARED_SELECTOR = YES;
				GCC_WARN_UNINITIALIZED_AUTOS = YES_AGGRESSIVE;
				GCC_WARN_UNUSED_FUNCTION = YES;
				GCC_WARN_UNUSED_VARIABLE = YES;
				IPHONEOS_DEPLOYMENT_TARGET = 11.0;
				MTL_ENABLE_DEBUG_INFO = NO;
				SDKROOT = iphoneos;
				SWIFT_OPTIMIZATION_LEVEL = "-Owholemodule";
				VALIDATE_PRODUCT = YES;
			};
			name = Release;
		};
		530CF1531F8F8A4000A5C7AD /* Debug */ = {
			isa = XCBuildConfiguration;
			baseConfigurationReference = B8D4086BE3530B0CC5155333 /* Pods-Track Peers.debug.xcconfig */;
			buildSettings = {
				ASSETCATALOG_COMPILER_APPICON_NAME = AppIcon;
				CODE_SIGN_STYLE = Automatic;
				DEVELOPMENT_TEAM = 62KKE3EAR8;
				INFOPLIST_FILE = "Track Peers/Info.plist";
				LD_RUNPATH_SEARCH_PATHS = "$(inherited) @executable_path/Frameworks";
				PRODUCT_BUNDLE_IDENTIFIER = "com.navneet.Track-Peers";
				PRODUCT_NAME = "$(TARGET_NAME)";
				SWIFT_VERSION = 4.0;
				TARGETED_DEVICE_FAMILY = "1,2";
			};
			name = Debug;
		};
		530CF1541F8F8A4000A5C7AD /* Release */ = {
			isa = XCBuildConfiguration;
			baseConfigurationReference = 0E63FDAABB68F06920750B33 /* Pods-Track Peers.release.xcconfig */;
			buildSettings = {
				ASSETCATALOG_COMPILER_APPICON_NAME = AppIcon;
				CODE_SIGN_STYLE = Automatic;
				DEVELOPMENT_TEAM = 62KKE3EAR8;
				INFOPLIST_FILE = "Track Peers/Info.plist";
				LD_RUNPATH_SEARCH_PATHS = "$(inherited) @executable_path/Frameworks";
				PRODUCT_BUNDLE_IDENTIFIER = "com.navneet.Track-Peers";
				PRODUCT_NAME = "$(TARGET_NAME)";
				SWIFT_VERSION = 4.0;
				TARGETED_DEVICE_FAMILY = "1,2";
			};
			name = Release;
		};
/* End XCBuildConfiguration section */

/* Begin XCConfigurationList section */
		530CF1381F8F8A4000A5C7AD /* Build configuration list for PBXProject "Track Peers" */ = {
			isa = XCConfigurationList;
			buildConfigurations = (
				530CF1501F8F8A4000A5C7AD /* Debug */,
				530CF1511F8F8A4000A5C7AD /* Release */,
			);
			defaultConfigurationIsVisible = 0;
			defaultConfigurationName = Release;
		};
		530CF1521F8F8A4000A5C7AD /* Build configuration list for PBXNativeTarget "Track Peers" */ = {
			isa = XCConfigurationList;
			buildConfigurations = (
				530CF1531F8F8A4000A5C7AD /* Debug */,
				530CF1541F8F8A4000A5C7AD /* Release */,
			);
			defaultConfigurationIsVisible = 0;
			defaultConfigurationName = Release;
		};
/* End XCConfigurationList section */

/* Begin XCVersionGroup section */
		530CF1471F8F8A4000A5C7AD /* Track_Peers.xcdatamodeld */ = {
			isa = XCVersionGroup;
			children = (
				530CF1481F8F8A4000A5C7AD /* Track_Peers.xcdatamodel */,
			);
			currentVersion = 530CF1481F8F8A4000A5C7AD /* Track_Peers.xcdatamodel */;
			path = Track_Peers.xcdatamodeld;
			sourceTree = "<group>";
			versionGroupType = wrapper.xcdatamodel;
		};
/* End XCVersionGroup section */
	};
	rootObject = 530CF1351F8F8A4000A5C7AD /* Project object */;
}
